
Microsoft Visual Studio Solution File, Format Version 12.00
# Visual Studio Version 17
VisualStudioVersion = 17.4.33110.190
MinimumVisualStudioVersion = 10.0.40219.1
Project("{9A19103F-16F7-4668-BE54-9A1E7A4F7556}") = "Villanueva_SportsStore", "Villanueva_SportsStore.csproj", "{4C4387EE-F6DA-4530-B791-6205E595FEC1}"
EndProject
Global
	GlobalSection(SolutionConfigurationPlatforms) = preSolution
		Debug|Any CPU = Debug|Any CPU
		Release|Any CPU = Release|Any CPU
	EndGlobalSection
	GlobalSection(ProjectConfigurationPlatforms) = postSolution
		{4C4387EE-F6DA-4530-B791-6205E595FEC1}.Debug|Any CPU.ActiveCfg = Debug|Any CPU
		{4C4387EE-F6DA-4530-B791-6205E595FEC1}.Debug|Any CPU.Build.0 = Debug|Any CPU
		{4C4387EE-F6DA-4530-B791-6205E595FEC1}.Release|Any CPU.ActiveCfg = Release|Any CPU
		{4C4387EE-F6DA-4530-B791-6205E595FEC1}.Release|Any CPU.Build.0 = Release|Any CPU
	EndGlobalSection
	GlobalSection(SolutionProperties) = preSolution
		HideSolutionNode = FALSE
	EndGlobalSection
	GlobalSection(ExtensibilityGlobals) = postSolution
		SolutionGuid = {BBDBD294-B3F6-4756-B312-BEDF1CF6A459}
	EndGlobalSection
EndGlobal
